--- 
dependencies: 
  rr: 
    group: 
    - :test
    version: = 0.10.11
  fakeweb: 
    group: 
    - :test
    version: = 1.2.6
  ddollar-pacecar: 
    group: 
    - :default
    version: = 1.1.6
    require: 
    - pacecar
  system_timer: 
    group: 
    - :default
    version: = 1.0
  rails: 
    group: 
    - :default
    version: = 2.3.5
  gravtastic: 
    group: 
    - :default
    version: = 2.1.3
  pg: 
    group: 
    - :default
    version: = 0.8.0
  treetop: 
    group: 
    - :test
    version: = 1.4.3
  shoulda: 
    group: 
    - :test
    version: = 2.10.2
  rack: 
    group: 
    - :default
    version: = 1.0.1
  rest-client: 
    group: 
    - :default
    version: = 1.0.3
    require: 
    - rest_client
  json: 
    group: 
    - :default
    version: = 1.2.0
  sinatra: 
    group: 
    - :default
    version: = 0.9.4
  will_paginate: 
    group: 
    - :default
    version: = 2.3.11
  factory_girl: 
    group: 
    - :test
    version: = 1.2.3
  webrat: 
    group: 
    - :test
    version: = 0.5.3
  rack-maintenance: 
    group: 
    - :default
    version: = 0.3.0
    require: 
    - rack/maintenance
  gchartrb: 
    group: 
    - :default
    version: = 0.8
    require: 
    - google_chart
  redgreen: 
    group: 
    - :test
    version: = 1.2.2
  rack-test: 
    group: 
    - :test
    version: = 0.5.0
    require: 
    - rack/test
  cucumber: 
    group: 
    - :test
    version: = 0.3.101
  hoptoad_notifier: 
    group: 
    - :default
    version: = 2.2.0
  clearance: 
    group: 
    - :default
    version: = 0.8.2
  aws-s3: 
    group: 
    - :default
    version: = 0.6.2
    require: 
    - aws/s3
  redis: 
    group: 
    - :default
    version: = 2.0.1
  webmock: 
    group: 
    - :test
    version: = 0.7.3
  xml-simple: 
    group: 
    - :default
    version: = 1.0.12
  nokogiri: 
    group: 
    - :test
    version: = 1.4.1
specs: 
- rake: 
    version: 0.8.7
- activesupport: 
    version: 2.3.5
- rack: 
    version: 1.0.1
- actionpack: 
    version: 2.3.5
- actionmailer: 
    version: 2.3.5
- activerecord: 
    version: 2.3.5
- activeresource: 
    version: 2.3.5
- addressable: 
    version: 2.1.2
- builder: 
    version: 2.1.2
- mime-types: 
    version: "1.16"
- xml-simple: 
    version: 1.0.12
- aws-s3: 
    version: 0.6.2
- clearance: 
    version: 0.8.2
- diff-lcs: 
    version: 1.1.2
- polyglot: 
    version: 0.3.1
- term-ansicolor: 
    version: 1.0.5
- treetop: 
    version: 1.4.3
- cucumber: 
    version: 0.3.101
- ddollar-pacecar: 
    version: 1.1.6
- factory_girl: 
    version: 1.2.3
- fakeweb: 
    version: 1.2.6
- gchartrb: 
    version: "0.8"
- gravtastic: 
    version: 2.1.3
- hoptoad_notifier: 
    version: 2.2.0
- json: 
    version: 1.2.0
- nokogiri: 
    version: 1.4.1
- pg: 
    version: 0.8.0
- rack-maintenance: 
    version: 0.3.0
- rack-test: 
    version: 0.5.0
- rails: 
    version: 2.3.5
- redgreen: 
    version: 1.2.2
- redis: 
    version: 2.0.1
- rest-client: 
    version: 1.0.3
- rr: 
    version: 0.10.11
- shoulda: 
    version: 2.10.2
- sinatra: 
    version: 0.9.4
- system_timer: 
    version: "1.0"
- webmock: 
    version: 0.7.3
- webrat: 
    version: 0.5.3
- will_paginate: 
    version: 2.3.11
hash: 7375232cf842731b51a89012a68f12e57787be64
sources: 
- Rubygems: 
    uri: http://gemcutter.org
