# THIS IS AN AUTOGENERATED FILE. DO NOT EDIT THIS FILE DIRECTLY.
# yarn lockfile v1


"@esbuild/android-arm64@0.17.9":
  version "0.17.9"
  resolved "https://registry.yarnpkg.com/@esbuild/android-arm64/-/android-arm64-0.17.9.tgz#d7d7231918e962475a8d538efb281a2ab95302bc"
  integrity sha512-bqds/6lXsCA7JhHGKIM/R80sy3BAIBR0HWyeas0bW57QVHT3Rz5sf4oUVS4ZsmN+J+8IgNnaIT2PXZ0pnRcLKg==

"@esbuild/android-arm@0.17.9":
  version "0.17.9"
  resolved "https://registry.yarnpkg.com/@esbuild/android-arm/-/android-arm-0.17.9.tgz#7c2e3899715e190ace63291adc005ee8726d3ad9"
  integrity sha512-efHnZVJldh2e18fK40RYzYTTRDzZ0QgL9V/73PSsAH43BauvjVwkqSHPhbcn77H0EQOUM2JPuO/XCg7jcKt94A==

"@esbuild/android-x64@0.17.9":
  version "0.17.9"
  resolved "https://registry.yarnpkg.com/@esbuild/android-x64/-/android-x64-0.17.9.tgz#9c4994df308a4f0ef753d5933871213d974d2e42"
  integrity sha512-pP+MLR/k8BAYZuOqEkjAaQd9/pzbNS52pNFiXgdiCHb/16u6o7s0rPF8vPlVg+1s8ii+M6HrymL4534xYwCQCA==

"@esbuild/darwin-arm64@0.17.9":
  version "0.17.9"
  resolved "https://registry.yarnpkg.com/@esbuild/darwin-arm64/-/darwin-arm64-0.17.9.tgz#7bebec932d1ac73048d804f223b46c9744eac548"
  integrity sha512-Gdbnu/RCIGHE/zqLHZwujTXnHz0lBQxK9+llrbxm5tO46CMhqiOhUuA5Zt6q2imULNoPJtxmhspHSAQtcx2pkw==

"@esbuild/darwin-x64@0.17.9":
  version "0.17.9"
  resolved "https://registry.yarnpkg.com/@esbuild/darwin-x64/-/darwin-x64-0.17.9.tgz#c0d2c3b951b186fcdd851de08be2649c9e545331"
  integrity sha512-GEZsUsDjJnCTVWuaq1cJ1Y3oV9GmNj/h4j6jA29VYSip7S7nSSiAo4dQFBJg734QKZZFos8fHc4abJpoN2ebGw==

"@esbuild/freebsd-arm64@0.17.9":
  version "0.17.9"
  resolved "https://registry.yarnpkg.com/@esbuild/freebsd-arm64/-/freebsd-arm64-0.17.9.tgz#b357eda2c38b17bb9f3d217a063caae51caeb637"
  integrity sha512-l3v6bZdpZIG4RpNKObqNqJhDvqQO5JqQlU2S+KyMCbf0xQhYCbTuhu5kKY8hndM1oKhmqq6VfPWhOSf6P3XT/g==

"@esbuild/freebsd-x64@0.17.9":
  version "0.17.9"
  resolved "https://registry.yarnpkg.com/@esbuild/freebsd-x64/-/freebsd-x64-0.17.9.tgz#1d2889efe8e7a824d15175081c7992f7ae8be925"
  integrity sha512-o/qhS0gbIdS0AjgiT0mbdiRIyNVRD31N81c1H7NNM4p6jVkSvScqo0v9eYJ+30mPhJsL26BwSNiuFJzD/SCyuw==

"@esbuild/linux-arm64@0.17.9":
  version "0.17.9"
  resolved "https://registry.yarnpkg.com/@esbuild/linux-arm64/-/linux-arm64-0.17.9.tgz#838dae7c417ea76195eff90a31da78fe1b4dd43c"
  integrity sha512-o3bvDJn9txfMxrCVJATbL3NeksMT9MGqSN7vTeG9g+387rDzfUiWpF5CN/L0MoI3QTicTydEDOx0PVX8/q+nCA==

"@esbuild/linux-arm@0.17.9":
  version "0.17.9"
  resolved "https://registry.yarnpkg.com/@esbuild/linux-arm/-/linux-arm-0.17.9.tgz#a3a1b074a08dd9ee85b76e0ff2a8dafaf87a884b"
  integrity sha512-AhSVW1uIbcXssQ1D+Mn0txGgcxU32ikvIxuqkmjLC7dUpcX0JuwkPgdqTOicuBjG06GV4WvXSHcKCBUjN+oBxA==

"@esbuild/linux-ia32@0.17.9":
  version "0.17.9"
  resolved "https://registry.yarnpkg.com/@esbuild/linux-ia32/-/linux-ia32-0.17.9.tgz#b6cf70ea799a16318fa492fcd996748f65c9b0c6"
  integrity sha512-fh3Eb+jMHDJUd08vEYL8swRT7zJo4lhrcG8NYuosHVeT49XQ0Bn9xLMtgtYXjCw5aB11aphAUwnzawvDqJCqTQ==

"@esbuild/linux-loong64@0.17.9":
  version "0.17.9"
  resolved "https://registry.yarnpkg.com/@esbuild/linux-loong64/-/linux-loong64-0.17.9.tgz#5c6968022ba45b8a182889260165631959616c3c"
  integrity sha512-+DvqOzQLkXonfQTHo4PTlbiTCfz0Rx6oYn3fQrUlPX2PffGOth4HjuP4jHeFbw0YFfOErhjM6n481nB4VTmmFQ==

"@esbuild/linux-mips64el@0.17.9":
  version "0.17.9"
  resolved "https://registry.yarnpkg.com/@esbuild/linux-mips64el/-/linux-mips64el-0.17.9.tgz#e12f789e606b6bd239c69a56c50869b1c73bc7cb"
  integrity sha512-9O0HhtxRzx9OOqavv7kIONncJXxhzrbDFmOD+cJ/3UUsy8dn52J6X2xCeUOxbmEOXYP2K+uha7b1AXG/URhF5Q==

"@esbuild/linux-ppc64@0.17.9":
  version "0.17.9"
  resolved "https://registry.yarnpkg.com/@esbuild/linux-ppc64/-/linux-ppc64-0.17.9.tgz#95ed6f6e86b55086225356adea68f1132f0de745"
  integrity sha512-tOwSTDZ0X5rcYK3OyfJVf4fFlvYLv3HGCOJxdE9gZVeRkXXd6O9CJ/A4Li1Tt9JQs9kJcFWCXxCwhY70h+t9iw==

"@esbuild/linux-riscv64@0.17.9":
  version "0.17.9"
  resolved "https://registry.yarnpkg.com/@esbuild/linux-riscv64/-/linux-riscv64-0.17.9.tgz#152280429f9eb04bea9896c6855a3ac917f2035c"
  integrity sha512-mmirCaZItLSPw7loFPHvdDXO0A2I+cYOQ96eerbWEjqi9V4u+vvYSoUR3Or7HLe1JUZS+T0YWN+jPUASc1hqzg==

"@esbuild/linux-s390x@0.17.9":
  version "0.17.9"
  resolved "https://registry.yarnpkg.com/@esbuild/linux-s390x/-/linux-s390x-0.17.9.tgz#4b64f84e7fad4b42dd4cb95ec8c8525c7f2c8447"
  integrity sha512-zuL5TDhxstsvxYVZ1McsnfNrO6vlpZmxiNShJmYuYPt8COBJ/4iRkwHZ5Rbf1OkEVazB3/WASNtopv1/Gq19IQ==

"@esbuild/linux-x64@0.17.9":
  version "0.17.9"
  resolved "https://registry.yarnpkg.com/@esbuild/linux-x64/-/linux-x64-0.17.9.tgz#0ec61046dab79be9f08df37a10b9966fd1d940b5"
  integrity sha512-jVa5NKqwBmq57aNDZOSnNuRTV5GrI93HdjTlyQyRrOs7OSEQq2r9NyaGd6KmzuxLz19XTanFt4WeGoLnjFT1Ug==

"@esbuild/netbsd-x64@0.17.9":
  version "0.17.9"
  resolved "https://registry.yarnpkg.com/@esbuild/netbsd-x64/-/netbsd-x64-0.17.9.tgz#50b1fc5a6e0d13c8ff2b29a154cd7770194489d9"
  integrity sha512-BRoQyPJ7aiQ7USFCtGmmrYTbRDa9muZAwoYchfqspd+ef8n2kKcXGQ0K2OqcLEqNFOwhLpAY4y4YAl22FbP+BA==

"@esbuild/openbsd-x64@0.17.9":
  version "0.17.9"
  resolved "https://registry.yarnpkg.com/@esbuild/openbsd-x64/-/openbsd-x64-0.17.9.tgz#2fd6643f99810091320b583dea0245e3b0cdc64e"
  integrity sha512-gDCVw9M2k8tyA9GokQEeh+L2gl0EZeGIIj5WB5H97Mb0ADq5Ea8vWyQs2iY1Q/tebcuP8cUoOZWxkCsmlyl1NA==

"@esbuild/sunos-x64@0.17.9":
  version "0.17.9"
  resolved "https://registry.yarnpkg.com/@esbuild/sunos-x64/-/sunos-x64-0.17.9.tgz#fa0e4b67b6213423c7a57f2d4ecec19c6f4c3012"
  integrity sha512-f89/xt0Hzp7POTDJYSJvotyFXatxXBGXJyFFTQGJW+NTYhFHaMcrrb41OB3L8sfzYi3PSlM3pZnwlEk1QiBX2g==

"@esbuild/win32-arm64@0.17.9":
  version "0.17.9"
  resolved "https://registry.yarnpkg.com/@esbuild/win32-arm64/-/win32-arm64-0.17.9.tgz#85d396aa986f5671f151df5aea1d54fb7626979d"
  integrity sha512-jrU/SBHXc3NPS5mPgYeL8pgIrBTwdrnaoLtygkQtuPzz0oBjsTyxV46tZoOctv4Q1Jq06+4zsJWkTzVaoik8FQ==

"@esbuild/win32-ia32@0.17.9":
  version "0.17.9"
  resolved "https://registry.yarnpkg.com/@esbuild/win32-ia32/-/win32-ia32-0.17.9.tgz#1de54043d30ff2ada4f6316e1ce8ad097a02ec42"
  integrity sha512-/oVEu7DurNFM0E6qA18R8xkbYU6xilaTnqG65rqm4XJo8ONuqTzLnj/93bQps7RJIxPI+yKPl0Zx2KifvWUa5A==

"@esbuild/win32-x64@0.17.9":
  version "0.17.9"
  resolved "https://registry.yarnpkg.com/@esbuild/win32-x64/-/win32-x64-0.17.9.tgz#3d928444d650010b55a601f5fb225ff20487ca44"
  integrity sha512-PLKuXKwlPljFrzzsUO6hHNWcYeE4a8FOX/6AJ7U7PajgKqtBGw2mGYxsfJHGb+UdfgdOapIOsYPgzMTG+SGDrg==

"@github/webauthn-json@^2.1.1":
  version "2.1.1"
  resolved "https://registry.yarnpkg.com/@github/webauthn-json/-/webauthn-json-2.1.1.tgz#648e63fc28050917d2882cc2b27817a88cb420fc"
  integrity sha512-XrftRn4z75SnaJOmZQbt7Mk+IIjqVHw+glDGOxuHwXkZBZh/MBoRS7MHjSZMDaLhT4RjN2VqiEU7EOYleuJWSQ==

"@rails/ujs@^7.0.4-2":
  version "7.0.4-2"
  resolved "https://registry.yarnpkg.com/@rails/ujs/-/ujs-7.0.4-2.tgz#62b108cc297c0c60f415720295673ee73f08e210"
  integrity sha512-ec6e2+YSfg4DgrVzIYzpo7ayze6dOu+lZ6RsIR+COkuZCp2QGMEyHZQzNdHt065FjCtpv6wRZQIybAtWrzPqlQ==

anymatch@~3.1.2:
  version "3.1.3"
  resolved "https://registry.yarnpkg.com/anymatch/-/anymatch-3.1.3.tgz#790c58b19ba1720a84205b57c618d5ad8524973e"
  integrity sha512-KMReFUr0B4t+D+OBkjR3KYqvocp2XaSzO55UcB6mgQMd3KbcE+mWTyvVV7D/zsdEbNnV6acZUutkiHQXvTr1Rw==
  dependencies:
    normalize-path "^3.0.0"
    picomatch "^2.0.4"

binary-extensions@^2.0.0:
  version "2.2.0"
  resolved "https://registry.yarnpkg.com/binary-extensions/-/binary-extensions-2.2.0.tgz#75f502eeaf9ffde42fc98829645be4ea76bd9e2d"
  integrity sha512-jDctJ/IVQbZoJykoeHbhXpOlNBqGNcwXJKJog42E5HDPUwQTSdjCHdihjj0DlnheQ7blbT6dHOafNAiS8ooQKA==

braces@~3.0.2:
  version "3.0.2"
  resolved "https://registry.yarnpkg.com/braces/-/braces-3.0.2.tgz#3454e1a462ee8d599e236df336cd9ea4f8afe107"
  integrity sha512-b8um+L1RzM3WDSzvhm6gIz1yfTbBt6YTlcEKAvsmqCZZFw46z626lVj9j1yEPW33H5H+lBQpZMP1k8l+78Ha0A==
  dependencies:
    fill-range "^7.0.1"

"chokidar@>=3.0.0 <4.0.0":
  version "3.5.3"
  resolved "https://registry.yarnpkg.com/chokidar/-/chokidar-3.5.3.tgz#1cf37c8707b932bd1af1ae22c0432e2acd1903bd"
  integrity sha512-Dr3sfKRP6oTcjf2JmUmFJfeVMvXBdegxB0iVQ5eb2V10uFJUCAS8OByZdVAyVb8xXNz3GjjTgj9kLWsZTqE6kw==
  dependencies:
    anymatch "~3.1.2"
    braces "~3.0.2"
    glob-parent "~5.1.2"
    is-binary-path "~2.1.0"
    is-glob "~4.0.1"
    normalize-path "~3.0.0"
    readdirp "~3.6.0"
  optionalDependencies:
    fsevents "~2.3.2"

clipboard@^2.0.11:
  version "2.0.11"
  resolved "https://registry.yarnpkg.com/clipboard/-/clipboard-2.0.11.tgz#62180360b97dd668b6b3a84ec226975762a70be5"
  integrity sha512-C+0bbOqkezLIsmWSvlsXS0Q0bmkugu7jcfMIACB+RDEntIzQIkdr148we28AfSloQLRdZlYL/QYyrq05j/3Faw==
  dependencies:
    good-listener "^1.2.2"
    select "^1.1.2"
    tiny-emitter "^2.0.0"

delegate@^3.1.2:
  version "3.2.0"
  resolved "https://registry.yarnpkg.com/delegate/-/delegate-3.2.0.tgz#b66b71c3158522e8ab5744f720d8ca0c2af59166"
  integrity sha512-IofjkYBZaZivn0V8nnsMJGBr4jVLxHDheKSW88PyxS5QC4Vo9ZbZVvhzlSxY87fVq3STR6r+4cGepyHkcWOQSw==

esbuild@^0.17.9:
  version "0.17.9"
  resolved "https://registry.yarnpkg.com/esbuild/-/esbuild-0.17.9.tgz#d4ff32649d503989e7c2623c239901f7f26b3417"
  integrity sha512-m3b2MR76QkwKPw/KQBlBJVaIncfQhhXsDMCFPoyqEOIziV+O7BAKqOYT1NbHsnFUX0/98CLWxUfM5stzh4yq4Q==
  optionalDependencies:
    "@esbuild/android-arm" "0.17.9"
    "@esbuild/android-arm64" "0.17.9"
    "@esbuild/android-x64" "0.17.9"
    "@esbuild/darwin-arm64" "0.17.9"
    "@esbuild/darwin-x64" "0.17.9"
    "@esbuild/freebsd-arm64" "0.17.9"
    "@esbuild/freebsd-x64" "0.17.9"
    "@esbuild/linux-arm" "0.17.9"
    "@esbuild/linux-arm64" "0.17.9"
    "@esbuild/linux-ia32" "0.17.9"
    "@esbuild/linux-loong64" "0.17.9"
    "@esbuild/linux-mips64el" "0.17.9"
    "@esbuild/linux-ppc64" "0.17.9"
    "@esbuild/linux-riscv64" "0.17.9"
    "@esbuild/linux-s390x" "0.17.9"
    "@esbuild/linux-x64" "0.17.9"
    "@esbuild/netbsd-x64" "0.17.9"
    "@esbuild/openbsd-x64" "0.17.9"
    "@esbuild/sunos-x64" "0.17.9"
    "@esbuild/win32-arm64" "0.17.9"
    "@esbuild/win32-ia32" "0.17.9"
    "@esbuild/win32-x64" "0.17.9"

fill-range@^7.0.1:
  version "7.0.1"
  resolved "https://registry.yarnpkg.com/fill-range/-/fill-range-7.0.1.tgz#1919a6a7c75fe38b2c7c77e5198535da9acdda40"
  integrity sha512-qOo9F+dMUmC2Lcb4BbVvnKJxTPjCm+RRpe4gDuGrzkL7mEVl/djYSu2OdQ2Pa302N4oqkSg9ir6jaLWJ2USVpQ==
  dependencies:
    to-regex-range "^5.0.1"

fsevents@~2.3.2:
  version "2.3.2"
  resolved "https://registry.yarnpkg.com/fsevents/-/fsevents-2.3.2.tgz#8a526f78b8fdf4623b709e0b975c52c24c02fd1a"
  integrity sha512-xiqMQR4xAeHTuB9uWm+fFRcIOgKBMiOBP+eXiyT7jsgVCq1bkVygt00oASowB7EdtpOHaaPgKt812P9ab+DDKA==

glob-parent@~5.1.2:
  version "5.1.2"
  resolved "https://registry.yarnpkg.com/glob-parent/-/glob-parent-5.1.2.tgz#869832c58034fe68a4093c17dc15e8340d8401c4"
  integrity sha512-AOIgSQCepiJYwP3ARnGx+5VnTu2HBYdzbGP45eLw1vr3zB3vZLeyed1sC9hnbcOc9/SrMyM5RPQrkGz4aS9Zow==
  dependencies:
    is-glob "^4.0.1"

good-listener@^1.2.2:
  version "1.2.2"
  resolved "https://registry.yarnpkg.com/good-listener/-/good-listener-1.2.2.tgz#d53b30cdf9313dffb7dc9a0d477096aa6d145c50"
  integrity sha512-goW1b+d9q/HIwbVYZzZ6SsTr4IgE+WA44A0GmPIQstuOrgsFcT7VEJ48nmr9GaRtNu0XTKacFLGnBPAM6Afouw==
  dependencies:
    delegate "^3.1.2"

immutable@^4.0.0:
  version "4.2.4"
  resolved "https://registry.yarnpkg.com/immutable/-/immutable-4.2.4.tgz#83260d50889526b4b531a5e293709a77f7c55a2a"
  integrity sha512-WDxL3Hheb1JkRN3sQkyujNlL/xRjAo3rJtaU5xeufUauG66JdMr32bLj4gF+vWl84DIA3Zxw7tiAjneYzRRw+w==

is-binary-path@~2.1.0:
  version "2.1.0"
  resolved "https://registry.yarnpkg.com/is-binary-path/-/is-binary-path-2.1.0.tgz#ea1f7f3b80f064236e83470f86c09c254fb45b09"
  integrity sha512-ZMERYes6pDydyuGidse7OsHxtbI7WVeUEozgR/g7rd0xUimYNlvZRE/K2MgZTjWy725IfelLeVcEM97mmtRGXw==
  dependencies:
    binary-extensions "^2.0.0"

is-extglob@^2.1.1:
  version "2.1.1"
  resolved "https://registry.yarnpkg.com/is-extglob/-/is-extglob-2.1.1.tgz#a88c02535791f02ed37c76a1b9ea9773c833f8c2"
  integrity sha512-SbKbANkN603Vi4jEZv49LeVJMn4yGwsbzZworEoyEiutsN3nJYdbO36zfhGJ6QEDpOZIFkDtnq5JRxmvl3jsoQ==

is-glob@^4.0.1, is-glob@~4.0.1:
  version "4.0.3"
  resolved "https://registry.yarnpkg.com/is-glob/-/is-glob-4.0.3.tgz#64f61e42cbbb2eec2071a9dac0b28ba1e65d5084"
  integrity sha512-xelSayHH36ZgE7ZWhli7pW34hNbNl8Ojv5KVmkJD4hBdD3th8Tfk9vYasLM+mXWOZhFkgZfxhLSnrwRr4elSSg==
  dependencies:
    is-extglob "^2.1.1"

is-number@^7.0.0:
  version "7.0.0"
  resolved "https://registry.yarnpkg.com/is-number/-/is-number-7.0.0.tgz#7535345b896734d5f80c4d06c50955527a14f12b"
  integrity sha512-41Cifkg6e8TylSpdtTpeLVMqvSBEVzTttHvERD741+pnZ8ANv0004MRL43QKPDlK9cGvNp6NZWZUBlbGXYxxng==

jquery-ujs@^1.2.3:
  version "1.2.3"
  resolved "https://registry.yarnpkg.com/jquery-ujs/-/jquery-ujs-1.2.3.tgz#dcac6026ab7268e5ee41faf9d31c997cd4ddd603"
  integrity sha512-59wvfx5vcCTHMeQT1/OwFiAj+UffLIwjRIoXdpO7Z7BCFGepzq9T9oLVeoItjTqjoXfUrHJvV7QU6pUR+UzOoA==

jquery@^3.6.3:
  version "3.6.3"
  resolved "https://registry.yarnpkg.com/jquery/-/jquery-3.6.3.tgz#23ed2ffed8a19e048814f13391a19afcdba160e6"
  integrity sha512-bZ5Sy3YzKo9Fyc8wH2iIQK4JImJ6R0GWI9kL1/k7Z91ZBNgkRXE6U0JfHIizZbort8ZunhSI3jw9I6253ahKfg==

normalize-path@^3.0.0, normalize-path@~3.0.0:
  version "3.0.0"
  resolved "https://registry.yarnpkg.com/normalize-path/-/normalize-path-3.0.0.tgz#0dcd69ff23a1c9b11fd0978316644a0388216a65"
  integrity sha512-6eZs5Ls3WtCisHWp9S2GUy8dqkpGi4BVSz3GaqiE6ezub0512ESztXUwUB6C6IKbQkY2Pnb/mD4WYojCRwcwLA==

picomatch@^2.0.4, picomatch@^2.2.1:
  version "2.3.1"
  resolved "https://registry.yarnpkg.com/picomatch/-/picomatch-2.3.1.tgz#3ba3833733646d9d3e4995946c1365a67fb07a42"
  integrity sha512-JU3teHTNjmE2VCGFzuY8EXzCDVwEqB2a8fsIvwaStHhAWJEeVd1o1QD80CU6+ZdEXXSLbSsuLwJjkCBWqRQUVA==

readdirp@~3.6.0:
  version "3.6.0"
  resolved "https://registry.yarnpkg.com/readdirp/-/readdirp-3.6.0.tgz#74a370bd857116e245b29cc97340cd431a02a6c7"
  integrity sha512-hOS089on8RduqdbhvQ5Z37A0ESjsqz6qnRcffsMU3495FuTdqSm+7bhJ29JvIOsBDEEnan5DPu9t3To9VRlMzA==
  dependencies:
    picomatch "^2.2.1"

sass@^1.58.3:
  version "1.58.3"
  resolved "https://registry.yarnpkg.com/sass/-/sass-1.58.3.tgz#2348cc052061ba4f00243a208b09c40e031f270d"
  integrity sha512-Q7RaEtYf6BflYrQ+buPudKR26/lH+10EmO9bBqbmPh/KeLqv8bjpTNqxe71ocONqXq+jYiCbpPUmQMS+JJPk4A==
  dependencies:
    chokidar ">=3.0.0 <4.0.0"
    immutable "^4.0.0"
    source-map-js ">=0.6.2 <2.0.0"

select@^1.1.2:
  version "1.1.2"
  resolved "https://registry.yarnpkg.com/select/-/select-1.1.2.tgz#0e7350acdec80b1108528786ec1d4418d11b396d"
  integrity sha512-OwpTSOfy6xSs1+pwcNrv0RBMOzI39Lp3qQKUTPVVPRjCdNa5JH/oPRiqsesIskK8TVgmRiHwO4KXlV2Li9dANA==

"source-map-js@>=0.6.2 <2.0.0":
  version "1.0.2"
  resolved "https://registry.yarnpkg.com/source-map-js/-/source-map-js-1.0.2.tgz#adbc361d9c62df380125e7f161f71c826f1e490c"
  integrity sha512-R0XvVJ9WusLiqTCEiGCmICCMplcCkIwwR11mOSD9CR5u+IXYdiseeEuXCVAjS54zqwkLcPNnmU4OeJ6tUrWhDw==

tiny-emitter@^2.0.0:
  version "2.1.0"
  resolved "https://registry.yarnpkg.com/tiny-emitter/-/tiny-emitter-2.1.0.tgz#1d1a56edfc51c43e863cbb5382a72330e3555423"
  integrity sha512-NB6Dk1A9xgQPMoGqC5CVXn123gWyte215ONT5Pp5a0yt4nlEoO1ZWeCwpncaekPHXO60i47ihFnZPiRPjRMq4Q==

to-regex-range@^5.0.1:
  version "5.0.1"
  resolved "https://registry.yarnpkg.com/to-regex-range/-/to-regex-range-5.0.1.tgz#1648c44aae7c8d988a326018ed72f5b4dd0392e4"
  integrity sha512-65P7iz6X5yEr1cwcgvQxbbIw7Uk3gOy5dIdtZ4rDveLqhrdJP+Li/Hx6tyK0NEb+2GCyneCMJiGqrADCSNk8sQ==
  dependencies:
    is-number "^7.0.0"
